
Microsoft Visual Studio Solution File, Format Version 12.00
# Visual Studio Version 16
VisualStudioVersion = 16.0.31410.357
MinimumVisualStudioVersion = 10.0.40219.1
Project("{9A19103F-16F7-4668-BE54-9A1E7A4F7556}") = "TinyLanguage", "TinyLanguage.csproj", "{5CF4C7F7-2B89-49EA-8DDC-9D319D1F3C67}"
EndProject
Global
	GlobalSection(SolutionConfigurationPlatforms) = preSolution
		Debug|Any CPU = Debug|Any CPU
		Release|Any CPU = Release|Any CPU
	EndGlobalSection
	GlobalSection(ProjectConfigurationPlatforms) = postSolution
		{5CF4C7F7-2B89-49EA-8DDC-9D319D1F3C67}.Debug|Any CPU.ActiveCfg = Debug|Any CPU
		{5CF4C7F7-2B89-49EA-8DDC-9D319D1F3C67}.Debug|Any CPU.Build.0 = Debug|Any CPU
		{5CF4C7F7-2B89-49EA-8DDC-9D319D1F3C67}.Release|Any CPU.ActiveCfg = Release|Any CPU
		{5CF4C7F7-2B89-49EA-8DDC-9D319D1F3C67}.Release|Any CPU.Build.0 = Release|Any CPU
	EndGlobalSection
	GlobalSection(SolutionProperties) = preSolution
		HideSolutionNode = FALSE
	EndGlobalSection
	GlobalSection(ExtensibilityGlobals) = postSolution
		SolutionGuid = {B5C723A3-84AC-4663-ABA2-0C5E3608FE89}
	EndGlobalSection
EndGlobal
